
Microsoft Visual Studio Solution File, Format Version 12.00
# Visual Studio 15
VisualStudioVersion = 15.0.28307.329
MinimumVisualStudioVersion = 10.0.40219.1
Project("{9A19103F-16F7-4668-BE54-9A1E7A4F7556}") = "TimeToGo.Api", "TimeToGo\TimeToGo.Api.csproj", "{E4BFE310-C458-4D84-8400-9268E85DF1A9}"
EndProject
Project("{FAE04EC0-301F-11D3-BF4B-00C04F79EFBC}") = "MapsService.Libs", "MapsService\MapsService.Libs.csproj", "{036338A6-8F8A-46F8-92D4-C23389726F22}"
EndProject
Global
	GlobalSection(SolutionConfigurationPlatforms) = preSolution
		Debug|Any CPU = Debug|Any CPU
		Release|Any CPU = Release|Any CPU
	EndGlobalSection
	GlobalSection(ProjectConfigurationPlatforms) = postSolution
		{E4BFE310-C458-4D84-8400-9268E85DF1A9}.Debug|Any CPU.ActiveCfg = Debug|Any CPU
		{E4BFE310-C458-4D84-8400-9268E85DF1A9}.Debug|Any CPU.Build.0 = Debug|Any CPU
		{E4BFE310-C458-4D84-8400-9268E85DF1A9}.Release|Any CPU.ActiveCfg = Release|Any CPU
		{E4BFE310-C458-4D84-8400-9268E85DF1A9}.Release|Any CPU.Build.0 = Release|Any CPU
		{036338A6-8F8A-46F8-92D4-C23389726F22}.Debug|Any CPU.ActiveCfg = Debug|Any CPU
		{036338A6-8F8A-46F8-92D4-C23389726F22}.Debug|Any CPU.Build.0 = Debug|Any CPU
		{036338A6-8F8A-46F8-92D4-C23389726F22}.Release|Any CPU.ActiveCfg = Release|Any CPU
		{036338A6-8F8A-46F8-92D4-C23389726F22}.Release|Any CPU.Build.0 = Release|Any CPU
	EndGlobalSection
	GlobalSection(SolutionProperties) = preSolution
		HideSolutionNode = FALSE
	EndGlobalSection
	GlobalSection(ExtensibilityGlobals) = postSolution
		SolutionGuid = {DF6E3925-53D9-4D74-9DD5-3DE063BCAC8B}
	EndGlobalSection
EndGlobal
